
Microsoft Visual Studio Solution File, Format Version 12.00
# Visual Studio Version 17
VisualStudioVersion = 17.0.31423.177
MinimumVisualStudioVersion = 10.0.40219.1
Project("{9A19103F-16F7-4668-BE54-9A1E7A4F7556}") = "Bot.Client", "BotDiscord\Bot.Client.csproj", "{D982E247-86CD-4EC7-B431-D2B3F50CACFF}"
EndProject
Project("{9A19103F-16F7-4668-BE54-9A1E7A4F7556}") = "Bot.DataAccess", "BotDataAccess\Bot.DataAccess.csproj", "{33897E08-61A3-43C2-A30F-2CCFA253865B}"
EndProject
Project("{9A19103F-16F7-4668-BE54-9A1E7A4F7556}") = "Bot.Common", "BotCommon\Bot.Common.csproj", "{FF71C085-6055-4BEA-812C-39DFEA6CDC2C}"
EndProject
Project("{9A19103F-16F7-4668-BE54-9A1E7A4F7556}") = "Bot.Models", "BotModels\Bot.Models.csproj", "{AC9A3298-0344-4725-BC9F-35F92C6EE4D2}"
EndProject
Global
	GlobalSection(SolutionConfigurationPlatforms) = preSolution
		Debug|Any CPU = Debug|Any CPU
		Release|Any CPU = Release|Any CPU
	EndGlobalSection
	GlobalSection(ProjectConfigurationPlatforms) = postSolution
		{D982E247-86CD-4EC7-B431-D2B3F50CACFF}.Debug|Any CPU.ActiveCfg = Debug|Any CPU
		{D982E247-86CD-4EC7-B431-D2B3F50CACFF}.Debug|Any CPU.Build.0 = Debug|Any CPU
		{D982E247-86CD-4EC7-B431-D2B3F50CACFF}.Release|Any CPU.ActiveCfg = Release|Any CPU
		{D982E247-86CD-4EC7-B431-D2B3F50CACFF}.Release|Any CPU.Build.0 = Release|Any CPU
		{33897E08-61A3-43C2-A30F-2CCFA253865B}.Debug|Any CPU.ActiveCfg = Debug|Any CPU
		{33897E08-61A3-43C2-A30F-2CCFA253865B}.Debug|Any CPU.Build.0 = Debug|Any CPU
		{33897E08-61A3-43C2-A30F-2CCFA253865B}.Release|Any CPU.ActiveCfg = Release|Any CPU
		{33897E08-61A3-43C2-A30F-2CCFA253865B}.Release|Any CPU.Build.0 = Release|Any CPU
		{FF71C085-6055-4BEA-812C-39DFEA6CDC2C}.Debug|Any CPU.ActiveCfg = Debug|Any CPU
		{FF71C085-6055-4BEA-812C-39DFEA6CDC2C}.Debug|Any CPU.Build.0 = Debug|Any CPU
		{FF71C085-6055-4BEA-812C-39DFEA6CDC2C}.Release|Any CPU.ActiveCfg = Release|Any CPU
		{FF71C085-6055-4BEA-812C-39DFEA6CDC2C}.Release|Any CPU.Build.0 = Release|Any CPU
		{AC9A3298-0344-4725-BC9F-35F92C6EE4D2}.Debug|Any CPU.ActiveCfg = Debug|Any CPU
		{AC9A3298-0344-4725-BC9F-35F92C6EE4D2}.Debug|Any CPU.Build.0 = Debug|Any CPU
		{AC9A3298-0344-4725-BC9F-35F92C6EE4D2}.Release|Any CPU.ActiveCfg = Release|Any CPU
		{AC9A3298-0344-4725-BC9F-35F92C6EE4D2}.Release|Any CPU.Build.0 = Release|Any CPU
	EndGlobalSection
	GlobalSection(SolutionProperties) = preSolution
		HideSolutionNode = FALSE
	EndGlobalSection
	GlobalSection(ExtensibilityGlobals) = postSolution
		SolutionGuid = {87A49AAD-484E-4134-B2DF-6E5A12D1E0CE}
	EndGlobalSection
EndGlobal
